{
  "version": 4,
  "terraform_version": "1.7.5",
  "serial": 158,
  "lineage": "f32e4f30-f758-241d-808f-f2847801afc0",
  "outputs": {},
  "resources": [
    {
      "mode": "managed",
      "type": "aws_instance",
      "name": "web1",
      "provider": "provider[\"registry.terraform.io/hashicorp/aws\"]",
      "instances": [
        {
          "schema_version": 1,
          "attributes": {
            "ami": "ami-080e1f13689e07408",
            "arn": "arn:aws:ec2:us-east-1:324997758306:instance/i-0cdc84e68b1932fa5",
            "associate_public_ip_address": true,
            "availability_zone": "us-east-1d",
            "capacity_reservation_specification": [
              {
                "capacity_reservation_preference": "open",
                "capacity_reservation_target": []
              }
            ],
            "cpu_core_count": 1,
            "cpu_options": [
              {
                "amd_sev_snp": "",
                "core_count": 1,
                "threads_per_core": 1
              }
            ],
            "cpu_threads_per_core": 1,
            "credit_specification": [
              {
                "cpu_credits": "standard"
              }
            ],
            "disable_api_stop": false,
            "disable_api_termination": false,
            "ebs_block_device": [],
            "ebs_optimized": false,
            "enclave_options": [
              {
                "enabled": false
              }
            ],
            "ephemeral_block_device": [],
            "get_password_data": false,
            "hibernation": false,
            "host_id": "",
            "host_resource_group_arn": null,
            "iam_instance_profile": "",
            "id": "i-0cdc84e68b1932fa5",
            "instance_initiated_shutdown_behavior": "stop",
            "instance_lifecycle": "",
            "instance_market_options": [],
            "instance_state": "running",
            "instance_type": "t2.micro",
            "ipv6_address_count": 0,
            "ipv6_addresses": [],
            "key_name": "",
            "launch_template": [],
            "maintenance_options": [
              {
                "auto_recovery": "default"
              }
            ],
            "metadata_options": [
              {
                "http_endpoint": "enabled",
                "http_protocol_ipv6": "disabled",
                "http_put_response_hop_limit": 1,
                "http_tokens": "optional",
                "instance_metadata_tags": "disabled"
              }
            ],
            "monitoring": false,
            "network_interface": [],
            "outpost_arn": "",
            "password_data": "",
            "placement_group": "",
            "placement_partition_number": 0,
            "primary_network_interface_id": "eni-02c3273e62769fcf0",
            "private_dns": "ip-10-0-1-122.ec2.internal",
            "private_dns_name_options": [
              {
                "enable_resource_name_dns_a_record": false,
                "enable_resource_name_dns_aaaa_record": false,
                "hostname_type": "ip-name"
              }
            ],
            "private_ip": "10.0.1.122",
            "public_dns": "",
            "public_ip": "44.200.240.115",
            "root_block_device": [
              {
                "delete_on_termination": true,
                "device_name": "/dev/sda1",
                "encrypted": false,
                "iops": 100,
                "kms_key_id": "",
                "tags": {},
                "tags_all": {},
                "throughput": 0,
                "volume_id": "vol-09f676f9e9d4a5e30",
                "volume_size": 8,
                "volume_type": "gp2"
              }
            ],
            "secondary_private_ips": [],
            "security_groups": [],
            "source_dest_check": true,
            "spot_instance_request_id": "",
            "subnet_id": "subnet-0972fb845dad377be",
            "tags": {
              "Name": "web1"
            },
            "tags_all": {
              "Name": "web1"
            },
            "tenancy": "default",
            "timeouts": null,
            "user_data": "401979c391df356b414fbb8545176ca11e045a40",
            "user_data_base64": null,
            "user_data_replace_on_change": false,
            "volume_tags": null,
            "vpc_security_group_ids": [
              "sg-0e17ba31c6d95a8cb"
            ]
          },
          "sensitive_attributes": [],
          "private": "eyJlMmJmYjczMC1lY2FhLTExZTYtOGY4OC0zNDM2M2JjN2M0YzAiOnsiY3JlYXRlIjo2MDAwMDAwMDAwMDAsImRlbGV0ZSI6MTIwMDAwMDAwMDAwMCwicmVhZCI6OTAwMDAwMDAwMDAwLCJ1cGRhdGUiOjYwMDAwMDAwMDAwMH0sInNjaGVtYV92ZXJzaW9uIjoiMSJ9",
          "dependencies": [
            "aws_security_group.web-sg",
            "aws_subnet.public-subnet",
            "aws_vpc.VPC-NTI"
          ]
        }
      ]
    },
    {
      "mode": "managed",
      "type": "aws_internet_gateway",
      "name": "gw",
      "provider": "provider[\"registry.terraform.io/hashicorp/aws\"]",
      "instances": [
        {
          "schema_version": 0,
          "attributes": {
            "arn": "arn:aws:ec2:us-east-1:324997758306:internet-gateway/igw-05b05d060ad9a0e08",
            "id": "igw-05b05d060ad9a0e08",
            "owner_id": "324997758306",
            "tags": {
              "Name": "nti-GW"
            },
            "tags_all": {
              "Name": "nti-GW"
            },
            "timeouts": null,
            "vpc_id": "vpc-0fe9fb6dc78e97136"
          },
          "sensitive_attributes": [],
          "private": "eyJlMmJmYjczMC1lY2FhLTExZTYtOGY4OC0zNDM2M2JjN2M0YzAiOnsiY3JlYXRlIjoxMjAwMDAwMDAwMDAwLCJkZWxldGUiOjEyMDAwMDAwMDAwMDAsInVwZGF0ZSI6MTIwMDAwMDAwMDAwMH19",
          "dependencies": [
            "aws_vpc.VPC-NTI"
          ]
        }
      ]
    },
    {
      "mode": "managed",
      "type": "aws_route",
      "name": "internet_gateway_route",
      "provider": "provider[\"registry.terraform.io/hashicorp/aws\"]",
      "instances": [
        {
          "schema_version": 0,
          "attributes": {
            "carrier_gateway_id": "",
            "core_network_arn": "",
            "destination_cidr_block": "0.0.0.0/0",
            "destination_ipv6_cidr_block": "",
            "destination_prefix_list_id": "",
            "egress_only_gateway_id": "",
            "gateway_id": "igw-05b05d060ad9a0e08",
            "id": "r-rtb-0acbaacd19af122931080289494",
            "instance_id": "",
            "instance_owner_id": "",
            "local_gateway_id": "",
            "nat_gateway_id": "",
            "network_interface_id": "",
            "origin": "CreateRoute",
            "route_table_id": "rtb-0acbaacd19af12293",
            "state": "active",
            "timeouts": null,
            "transit_gateway_id": "",
            "vpc_endpoint_id": "",
            "vpc_peering_connection_id": ""
          },
          "sensitive_attributes": [],
          "private": "eyJlMmJmYjczMC1lY2FhLTExZTYtOGY4OC0zNDM2M2JjN2M0YzAiOnsiY3JlYXRlIjozMDAwMDAwMDAwMDAsImRlbGV0ZSI6MzAwMDAwMDAwMDAwLCJ1cGRhdGUiOjEyMDAwMDAwMDAwMH19",
          "dependencies": [
            "aws_internet_gateway.gw",
            "aws_route_table.public-rt",
            "aws_vpc.VPC-NTI"
          ]
        }
      ]
    },
    {
      "mode": "managed",
      "type": "aws_route_table",
      "name": "public-rt",
      "provider": "provider[\"registry.terraform.io/hashicorp/aws\"]",
      "instances": [
        {
          "schema_version": 0,
          "attributes": {
            "arn": "arn:aws:ec2:us-east-1:324997758306:route-table/rtb-0acbaacd19af12293",
            "id": "rtb-0acbaacd19af12293",
            "owner_id": "324997758306",
            "propagating_vgws": [],
            "route": [
              {
                "carrier_gateway_id": "",
                "cidr_block": "0.0.0.0/0",
                "core_network_arn": "",
                "destination_prefix_list_id": "",
                "egress_only_gateway_id": "",
                "gateway_id": "igw-05b05d060ad9a0e08",
                "ipv6_cidr_block": "",
                "local_gateway_id": "",
                "nat_gateway_id": "",
                "network_interface_id": "",
                "transit_gateway_id": "",
                "vpc_endpoint_id": "",
                "vpc_peering_connection_id": ""
              }
            ],
            "tags": {
              "Name": "public-rt"
            },
            "tags_all": {
              "Name": "public-rt"
            },
            "timeouts": null,
            "vpc_id": "vpc-0fe9fb6dc78e97136"
          },
          "sensitive_attributes": [],
          "private": "eyJlMmJmYjczMC1lY2FhLTExZTYtOGY4OC0zNDM2M2JjN2M0YzAiOnsiY3JlYXRlIjozMDAwMDAwMDAwMDAsImRlbGV0ZSI6MzAwMDAwMDAwMDAwLCJ1cGRhdGUiOjEyMDAwMDAwMDAwMH19",
          "dependencies": [
            "aws_vpc.VPC-NTI"
          ]
        }
      ]
    },
    {
      "mode": "managed",
      "type": "aws_route_table_association",
      "name": "subnet-ass",
      "provider": "provider[\"registry.terraform.io/hashicorp/aws\"]",
      "instances": [
        {
          "schema_version": 0,
          "attributes": {
            "gateway_id": "",
            "id": "rtbassoc-0b1c150cc17fb5bed",
            "route_table_id": "rtb-0acbaacd19af12293",
            "subnet_id": "subnet-0972fb845dad377be",
            "timeouts": null
          },
          "sensitive_attributes": [],
          "private": "eyJlMmJmYjczMC1lY2FhLTExZTYtOGY4OC0zNDM2M2JjN2M0YzAiOnsiY3JlYXRlIjozMDAwMDAwMDAwMDAsImRlbGV0ZSI6MzAwMDAwMDAwMDAwLCJ1cGRhdGUiOjEyMDAwMDAwMDAwMH19",
          "dependencies": [
            "aws_route_table.public-rt",
            "aws_subnet.public-subnet",
            "aws_vpc.VPC-NTI"
          ]
        }
      ]
    },
    {
      "mode": "managed",
      "type": "aws_s3_bucket",
      "name": "S3_bucket",
      "provider": "provider[\"registry.terraform.io/hashicorp/aws\"]",
      "instances": [
        {
          "schema_version": 0,
          "attributes": {
            "acceleration_status": "",
            "acl": null,
            "arn": "arn:aws:s3:::maro-s3",
            "bucket": "maro-s3",
            "bucket_domain_name": "maro-s3.s3.amazonaws.com",
            "bucket_prefix": "",
            "bucket_regional_domain_name": "maro-s3.s3.us-east-1.amazonaws.com",
            "cors_rule": [],
            "force_destroy": false,
            "grant": [
              {
                "id": "dfc1218e29f9c1ae279fad23ac785e6c990d8f56d680f9bde99d528e4cf9933a",
                "permissions": [
                  "FULL_CONTROL"
                ],
                "type": "CanonicalUser",
                "uri": ""
              }
            ],
            "hosted_zone_id": "Z3AQBSTGFYJSTF",
            "id": "maro-s3",
            "lifecycle_rule": [],
            "logging": [],
            "object_lock_configuration": [],
            "object_lock_enabled": false,
            "policy": "",
            "region": "us-east-1",
            "replication_configuration": [],
            "request_payer": "BucketOwner",
            "server_side_encryption_configuration": [
              {
                "rule": [
                  {
                    "apply_server_side_encryption_by_default": [
                      {
                        "kms_master_key_id": "",
                        "sse_algorithm": "AES256"
                      }
                    ],
                    "bucket_key_enabled": false
                  }
                ]
              }
            ],
            "tags": {
              "Environment": "Dev",
              "Name": "Terraform-State"
            },
            "tags_all": {
              "Environment": "Dev",
              "Name": "Terraform-State"
            },
            "timeouts": null,
            "versioning": [
              {
                "enabled": false,
                "mfa_delete": false
              }
            ],
            "website": [],
            "website_domain": null,
            "website_endpoint": null
          },
          "sensitive_attributes": [],
          "private": "eyJlMmJmYjczMC1lY2FhLTExZTYtOGY4OC0zNDM2M2JjN2M0YzAiOnsiY3JlYXRlIjoxMjAwMDAwMDAwMDAwLCJkZWxldGUiOjM2MDAwMDAwMDAwMDAsInJlYWQiOjEyMDAwMDAwMDAwMDAsInVwZGF0ZSI6MTIwMDAwMDAwMDAwMH19"
        }
      ]
    },
    {
      "mode": "managed",
      "type": "aws_security_group",
      "name": "web-sg",
      "provider": "provider[\"registry.terraform.io/hashicorp/aws\"]",
      "instances": [
        {
          "schema_version": 1,
          "attributes": {
            "arn": "arn:aws:ec2:us-east-1:324997758306:security-group/sg-0e17ba31c6d95a8cb",
            "description": "Allow http inbound traffic ",
            "egress": [
              {
                "cidr_blocks": [
                  "0.0.0.0/0"
                ],
                "description": "",
                "from_port": 0,
                "ipv6_cidr_blocks": [],
                "prefix_list_ids": [],
                "protocol": "-1",
                "security_groups": [],
                "self": false,
                "to_port": 0
              }
            ],
            "id": "sg-0e17ba31c6d95a8cb",
            "ingress": [
              {
                "cidr_blocks": [
                  "0.0.0.0/0"
                ],
                "description": "",
                "from_port": -1,
                "ipv6_cidr_blocks": [],
                "prefix_list_ids": [],
                "protocol": "icmp",
                "security_groups": [],
                "self": false,
                "to_port": -1
              },
              {
                "cidr_blocks": [
                  "0.0.0.0/0"
                ],
                "description": "",
                "from_port": 22,
                "ipv6_cidr_blocks": [],
                "prefix_list_ids": [],
                "protocol": "tcp",
                "security_groups": [],
                "self": false,
                "to_port": 22
              },
              {
                "cidr_blocks": [
                  "0.0.0.0/0"
                ],
                "description": "",
                "from_port": 443,
                "ipv6_cidr_blocks": [],
                "prefix_list_ids": [],
                "protocol": "tcp",
                "security_groups": [],
                "self": false,
                "to_port": 443
              },
              {
                "cidr_blocks": [
                  "0.0.0.0/0"
                ],
                "description": "",
                "from_port": 80,
                "ipv6_cidr_blocks": [],
                "prefix_list_ids": [],
                "protocol": "tcp",
                "security_groups": [],
                "self": false,
                "to_port": 80
              }
            ],
            "name": "web-sg",
            "name_prefix": "",
            "owner_id": "324997758306",
            "revoke_rules_on_delete": false,
            "tags": {
              "Name": "allow_http"
            },
            "tags_all": {
              "Name": "allow_http"
            },
            "timeouts": null,
            "vpc_id": "vpc-0fe9fb6dc78e97136"
          },
          "sensitive_attributes": [],
          "private": "eyJlMmJmYjczMC1lY2FhLTExZTYtOGY4OC0zNDM2M2JjN2M0YzAiOnsiY3JlYXRlIjo2MDAwMDAwMDAwMDAsImRlbGV0ZSI6OTAwMDAwMDAwMDAwfSwic2NoZW1hX3ZlcnNpb24iOiIxIn0=",
          "dependencies": [
            "aws_vpc.VPC-NTI"
          ]
        }
      ]
    },
    {
      "mode": "managed",
      "type": "aws_subnet",
      "name": "public-subnet",
      "provider": "provider[\"registry.terraform.io/hashicorp/aws\"]",
      "instances": [
        {
          "schema_version": 1,
          "attributes": {
            "arn": "arn:aws:ec2:us-east-1:324997758306:subnet/subnet-0972fb845dad377be",
            "assign_ipv6_address_on_creation": false,
            "availability_zone": "us-east-1d",
            "availability_zone_id": "use1-az1",
            "cidr_block": "10.0.1.0/24",
            "customer_owned_ipv4_pool": "",
            "enable_dns64": false,
            "enable_lni_at_device_index": 0,
            "enable_resource_name_dns_a_record_on_launch": false,
            "enable_resource_name_dns_aaaa_record_on_launch": false,
            "id": "subnet-0972fb845dad377be",
            "ipv6_cidr_block": "",
            "ipv6_cidr_block_association_id": "",
            "ipv6_native": false,
            "map_customer_owned_ip_on_launch": false,
            "map_public_ip_on_launch": false,
            "outpost_arn": "",
            "owner_id": "324997758306",
            "private_dns_hostname_type_on_launch": "ip-name",
            "tags": {
              "Name": "public-subnet"
            },
            "tags_all": {
              "Name": "public-subnet"
            },
            "timeouts": null,
            "vpc_id": "vpc-0fe9fb6dc78e97136"
          },
          "sensitive_attributes": [],
          "private": "eyJlMmJmYjczMC1lY2FhLTExZTYtOGY4OC0zNDM2M2JjN2M0YzAiOnsiY3JlYXRlIjo2MDAwMDAwMDAwMDAsImRlbGV0ZSI6MTIwMDAwMDAwMDAwMH0sInNjaGVtYV92ZXJzaW9uIjoiMSJ9",
          "dependencies": [
            "aws_vpc.VPC-NTI"
          ]
        }
      ]
    },
    {
      "mode": "managed",
      "type": "aws_vpc",
      "name": "VPC-NTI",
      "provider": "provider[\"registry.terraform.io/hashicorp/aws\"]",
      "instances": [
        {
          "schema_version": 1,
          "attributes": {
            "arn": "arn:aws:ec2:us-east-1:324997758306:vpc/vpc-0fe9fb6dc78e97136",
            "assign_generated_ipv6_cidr_block": false,
            "cidr_block": "10.0.0.0/16",
            "default_network_acl_id": "acl-01d61bc467c73f451",
            "default_route_table_id": "rtb-04668f14bda3e378c",
            "default_security_group_id": "sg-06297e9251e78af98",
            "dhcp_options_id": "dopt-0a37f75e4bdb0e358",
            "enable_dns_hostnames": false,
            "enable_dns_support": true,
            "enable_network_address_usage_metrics": false,
            "id": "vpc-0fe9fb6dc78e97136",
            "instance_tenancy": "default",
            "ipv4_ipam_pool_id": null,
            "ipv4_netmask_length": null,
            "ipv6_association_id": "",
            "ipv6_cidr_block": "",
            "ipv6_cidr_block_network_border_group": "",
            "ipv6_ipam_pool_id": "",
            "ipv6_netmask_length": 0,
            "main_route_table_id": "rtb-04668f14bda3e378c",
            "owner_id": "324997758306",
            "tags": {
              "Name": "VPC-NTI"
            },
            "tags_all": {
              "Name": "VPC-NTI"
            }
          },
          "sensitive_attributes": [],
          "private": "eyJzY2hlbWFfdmVyc2lvbiI6IjEifQ=="
        }
      ]
    },
    {
      "mode": "managed",
      "type": "aws_vpc_security_group_egress_rule",
      "name": "allow_all_traffic_ipv4",
      "provider": "provider[\"registry.terraform.io/hashicorp/aws\"]",
      "instances": [
        {
          "schema_version": 0,
          "attributes": {
            "arn": "arn:aws:ec2:us-east-1:324997758306:security-group-rule/sgr-0f1a6cb5ecacd3209",
            "cidr_ipv4": "0.0.0.0/0",
            "cidr_ipv6": null,
            "description": null,
            "from_port": null,
            "id": "sgr-0f1a6cb5ecacd3209",
            "ip_protocol": "-1",
            "prefix_list_id": null,
            "referenced_security_group_id": null,
            "security_group_id": "sg-0e17ba31c6d95a8cb",
            "security_group_rule_id": "sgr-0f1a6cb5ecacd3209",
            "tags": null,
            "tags_all": {},
            "to_port": null
          },
          "sensitive_attributes": [],
          "dependencies": [
            "aws_security_group.web-sg",
            "aws_vpc.VPC-NTI"
          ]
        }
      ]
    },
    {
      "mode": "managed",
      "type": "aws_vpc_security_group_ingress_rule",
      "name": "allow_http_ipv4",
      "provider": "provider[\"registry.terraform.io/hashicorp/aws\"]",
      "instances": [
        {
          "schema_version": 0,
          "attributes": {
            "arn": "arn:aws:ec2:us-east-1:324997758306:security-group-rule/sgr-03aa1e85e1ac72c07",
            "cidr_ipv4": "0.0.0.0/0",
            "cidr_ipv6": null,
            "description": null,
            "from_port": 80,
            "id": "sgr-03aa1e85e1ac72c07",
            "ip_protocol": "tcp",
            "prefix_list_id": null,
            "referenced_security_group_id": null,
            "security_group_id": "sg-0e17ba31c6d95a8cb",
            "security_group_rule_id": "sgr-03aa1e85e1ac72c07",
            "tags": null,
            "tags_all": {},
            "to_port": 80
          },
          "sensitive_attributes": [],
          "dependencies": [
            "aws_security_group.web-sg",
            "aws_vpc.VPC-NTI"
          ]
        }
      ]
    },
    {
      "mode": "managed",
      "type": "aws_vpc_security_group_ingress_rule",
      "name": "allow_https_ipv4",
      "provider": "provider[\"registry.terraform.io/hashicorp/aws\"]",
      "instances": [
        {
          "schema_version": 0,
          "attributes": {
            "arn": "arn:aws:ec2:us-east-1:324997758306:security-group-rule/sgr-0bd5b69dda7e7265a",
            "cidr_ipv4": "0.0.0.0/0",
            "cidr_ipv6": null,
            "description": null,
            "from_port": 443,
            "id": "sgr-0bd5b69dda7e7265a",
            "ip_protocol": "tcp",
            "prefix_list_id": null,
            "referenced_security_group_id": null,
            "security_group_id": "sg-0e17ba31c6d95a8cb",
            "security_group_rule_id": "sgr-0bd5b69dda7e7265a",
            "tags": null,
            "tags_all": {},
            "to_port": 443
          },
          "sensitive_attributes": [],
          "dependencies": [
            "aws_security_group.web-sg",
            "aws_vpc.VPC-NTI"
          ]
        }
      ]
    },
    {
      "mode": "managed",
      "type": "aws_vpc_security_group_ingress_rule",
      "name": "allow_ping_ipv4",
      "provider": "provider[\"registry.terraform.io/hashicorp/aws\"]",
      "instances": [
        {
          "schema_version": 0,
          "attributes": {
            "arn": "arn:aws:ec2:us-east-1:324997758306:security-group-rule/sgr-094b86367eff55701",
            "cidr_ipv4": "0.0.0.0/0",
            "cidr_ipv6": null,
            "description": null,
            "from_port": -1,
            "id": "sgr-094b86367eff55701",
            "ip_protocol": "icmp",
            "prefix_list_id": null,
            "referenced_security_group_id": null,
            "security_group_id": "sg-0e17ba31c6d95a8cb",
            "security_group_rule_id": "sgr-094b86367eff55701",
            "tags": null,
            "tags_all": {},
            "to_port": -1
          },
          "sensitive_attributes": [],
          "dependencies": [
            "aws_security_group.web-sg",
            "aws_vpc.VPC-NTI"
          ]
        }
      ]
    },
    {
      "mode": "managed",
      "type": "aws_vpc_security_group_ingress_rule",
      "name": "allow_ssh_ipv4",
      "provider": "provider[\"registry.terraform.io/hashicorp/aws\"]",
      "instances": [
        {
          "schema_version": 0,
          "attributes": {
            "arn": "arn:aws:ec2:us-east-1:324997758306:security-group-rule/sgr-0801dceb8516ffe12",
            "cidr_ipv4": "0.0.0.0/0",
            "cidr_ipv6": null,
            "description": null,
            "from_port": 22,
            "id": "sgr-0801dceb8516ffe12",
            "ip_protocol": "tcp",
            "prefix_list_id": null,
            "referenced_security_group_id": null,
            "security_group_id": "sg-0e17ba31c6d95a8cb",
            "security_group_rule_id": "sgr-0801dceb8516ffe12",
            "tags": null,
            "tags_all": {},
            "to_port": 22
          },
          "sensitive_attributes": [],
          "dependencies": [
            "aws_security_group.web-sg",
            "aws_vpc.VPC-NTI"
          ]
        }
      ]
    }
  ],
  "check_results": null
}
